
Microsoft Visual Studio Solution File, Format Version 12.00
Project("{FAE04EC0-301F-11D3-BF4B-00C04F79EFBC}") = "EventSourcing.Api", "EventSourcing.Api\EventSourcing.Api.csproj", "{70F24CCC-DCF0-4DF1-B02A-DB0977680B0A}"
EndProject
Project("{2150E333-8FDC-42A3-9474-1A3956D46DE8}") = "docker", "docker", "{8AA76607-BAFB-4BE4-9A58-6B3935853E18}"
	ProjectSection(SolutionItems) = preProject
		docker-compose.yml = docker-compose.yml
	EndProjectSection
EndProject
Project("{2150E333-8FDC-42A3-9474-1A3956D46DE8}") = "docs", "docs", "{1ACFA6DC-E229-44DB-9B4F-23DD71D3C5BA}"
	ProjectSection(SolutionItems) = preProject
		README.md = README.md
	EndProjectSection
EndProject
Global
	GlobalSection(SolutionConfigurationPlatforms) = preSolution
		Debug|Any CPU = Debug|Any CPU
		Release|Any CPU = Release|Any CPU
	EndGlobalSection
	GlobalSection(ProjectConfigurationPlatforms) = postSolution
		{70F24CCC-DCF0-4DF1-B02A-DB0977680B0A}.Debug|Any CPU.ActiveCfg = Debug|Any CPU
		{70F24CCC-DCF0-4DF1-B02A-DB0977680B0A}.Debug|Any CPU.Build.0 = Debug|Any CPU
		{70F24CCC-DCF0-4DF1-B02A-DB0977680B0A}.Release|Any CPU.ActiveCfg = Release|Any CPU
		{70F24CCC-DCF0-4DF1-B02A-DB0977680B0A}.Release|Any CPU.Build.0 = Release|Any CPU
	EndGlobalSection
EndGlobal
